
Microsoft Visual Studio Solution File, Format Version 12.00
# Visual Studio Version 16
VisualStudioVersion = 16.0.31624.102
MinimumVisualStudioVersion = 10.0.40219.1
Project("{FAE04EC0-301F-11D3-BF4B-00C04F79EFBC}") = "eTicketsFeli", "eTicketsFeli\eTicketsFeli.csproj", "{9344E23F-D05F-4A9F-9C8F-F8D6A72BBCAE}"
EndProject
Global
	GlobalSection(SolutionConfigurationPlatforms) = preSolution
		Debug|Any CPU = Debug|Any CPU
		Release|Any CPU = Release|Any CPU
	EndGlobalSection
	GlobalSection(ProjectConfigurationPlatforms) = postSolution
		{9344E23F-D05F-4A9F-9C8F-F8D6A72BBCAE}.Debug|Any CPU.ActiveCfg = Debug|Any CPU
		{9344E23F-D05F-4A9F-9C8F-F8D6A72BBCAE}.Debug|Any CPU.Build.0 = Debug|Any CPU
		{9344E23F-D05F-4A9F-9C8F-F8D6A72BBCAE}.Release|Any CPU.ActiveCfg = Release|Any CPU
		{9344E23F-D05F-4A9F-9C8F-F8D6A72BBCAE}.Release|Any CPU.Build.0 = Release|Any CPU
	EndGlobalSection
	GlobalSection(SolutionProperties) = preSolution
		HideSolutionNode = FALSE
	EndGlobalSection
	GlobalSection(ExtensibilityGlobals) = postSolution
		SolutionGuid = {79002E81-F810-4FB6-AA38-540F88546A9C}
	EndGlobalSection
EndGlobal
